
Microsoft Visual Studio Solution File, Format Version 12.00
# Visual Studio Version 17
VisualStudioVersion = 17.11.35219.272
MinimumVisualStudioVersion = 10.0.40219.1
Project("{8BC9CEB8-8B4A-11D0-8D11-00A0C91BC942}") = "Project.2", "Project.2.vcxproj", "{5B925A2E-DCE2-4C40-9A0D-77A6D48D8F31}"
EndProject
Global
	GlobalSection(SolutionConfigurationPlatforms) = preSolution
		Debug|x64 = Debug|x64
		Debug|x86 = Debug|x86
		Release|x64 = Release|x64
		Release|x86 = Release|x86
	EndGlobalSection
	GlobalSection(ProjectConfigurationPlatforms) = postSolution
		{5B925A2E-DCE2-4C40-9A0D-77A6D48D8F31}.Debug|x64.ActiveCfg = Debug|x64
		{5B925A2E-DCE2-4C40-9A0D-77A6D48D8F31}.Debug|x64.Build.0 = Debug|x64
		{5B925A2E-DCE2-4C40-9A0D-77A6D48D8F31}.Debug|x86.ActiveCfg = Debug|Win32
		{5B925A2E-DCE2-4C40-9A0D-77A6D48D8F31}.Debug|x86.Build.0 = Debug|Win32
		{5B925A2E-DCE2-4C40-9A0D-77A6D48D8F31}.Release|x64.ActiveCfg = Release|x64
		{5B925A2E-DCE2-4C40-9A0D-77A6D48D8F31}.Release|x64.Build.0 = Release|x64
		{5B925A2E-DCE2-4C40-9A0D-77A6D48D8F31}.Release|x86.ActiveCfg = Release|Win32
		{5B925A2E-DCE2-4C40-9A0D-77A6D48D8F31}.Release|x86.Build.0 = Release|Win32
	EndGlobalSection
	GlobalSection(SolutionProperties) = preSolution
		HideSolutionNode = FALSE
	EndGlobalSection
	GlobalSection(ExtensibilityGlobals) = postSolution
		SolutionGuid = {01D1EDF9-9082-49D6-A373-F73E29D038FF}
	EndGlobalSection
EndGlobal
